Microsoft Visual Studio Solution File, Format Version 12.00
# Visual Studio Version 17
VisualStudioVersion = 17.0.31903.59
MinimumVisualStudioVersion = 10.0.40219.1
Project("{FAE04EC0-301F-11D3-BF4B-00C04F79EFBC}") = "OctaneLogic.Core", "src\OctaneLogic.Core\OctaneLogic.Core.csproj", "{A3F1F39A-408B-4479-B3EB-2ACB56AAC165}"
EndProject
Project("{FAE04EC0-301F-11D3-BF4B-00C04F79EFBC}") = "OctaneLogic", "src\OctaneLogic\OctaneLogic.csproj", "{DE7492B3-E337-4F08-A2CE-7B3F0A5C7B5D}"
EndProject
Global
	GlobalSection(SolutionConfigurationPlatforms) = preSolution
		Debug|Any CPU = Debug|Any CPU
		Release|Any CPU = Release|Any CPU
	EndGlobalSection
	GlobalSection(ProjectConfigurationPlatforms) = postSolution
		{A3F1F39A-408B-4479-B3EB-2ACB56AAC165}.Debug|Any CPU.ActiveCfg = Debug|Any CPU
		{A3F1F39A-408B-4479-B3EB-2ACB56AAC165}.Debug|Any CPU.Build.0 = Debug|Any CPU
		{A3F1F39A-408B-4479-B3EB-2ACB56AAC165}.Release|Any CPU.ActiveCfg = Release|Any CPU
		{A3F1F39A-408B-4479-B3EB-2ACB56AAC165}.Release|Any CPU.Build.0 = Release|Any CPU
		{DE7492B3-E337-4F08-A2CE-7B3F0A5C7B5D}.Debug|Any CPU.ActiveCfg = Debug|Any CPU
		{DE7492B3-E337-4F08-A2CE-7B3F0A5C7B5D}.Debug|Any CPU.Build.0 = Debug|Any CPU
		{DE7492B3-E337-4F08-A2CE-7B3F0A5C7B5D}.Release|Any CPU.ActiveCfg = Release|Any CPU
		{DE7492B3-E337-4F08-A2CE-7B3F0A5C7B5D}.Release|Any CPU.Build.0 = Release|Any CPU
	EndGlobalSection
EndGlobal
